// !$*UTF8*$!
{
	archiveVersion = 1;
	classes = {
	};
	objectVersion = 54;
	objects = {

/* Begin PBXBuildFile section */
		00E356F31AD99517003FC87E /* PasswallMobileTests.m in Sources */ = {isa = PBXBuildFile; fileRef = 00E356F21AD99517003FC87E /* PasswallMobileTests.m */; };
		0B0E8B228733482B98602FA6 /* Metropolis-ExtraBoldItalic.otf in Resources */ = {isa = PBXBuildFile; fileRef = D1192AB2FA084EB0A17CD502 /* Metropolis-ExtraBoldItalic.otf */; };
		0DAA46ECCAC04D14BAC8E861 /* Metropolis-MediumItalic.otf in Resources */ = {isa = PBXBuildFile; fileRef = E3F59507E5774093991EFEC7 /* Metropolis-MediumItalic.otf */; };
		13B07FBC1A68108700A75B9A /* AppDelegate.m in Sources */ = {isa = PBXBuildFile; fileRef = 13B07FB01A68108700A75B9A /* AppDelegate.m */; };
		13B07FBF1A68108700A75B9A /* Images.xcassets in Resources */ = {isa = PBXBuildFile; fileRef = 13B07FB51A68108700A75B9A /* Images.xcassets */; };
		13B07FC11A68108700A75B9A /* main.m in Sources */ = {isa = PBXBuildFile; fileRef = 13B07FB71A68108700A75B9A /* main.m */; };
		1AB370F3AB2148048BEC89A2 /* Metropolis-Thin.otf in Resources */ = {isa = PBXBuildFile; fileRef = A637D7B1985746669AAC972E /* Metropolis-Thin.otf */; };
		2AF072FEA89042DFAB9CA796 /* Metropolis-SemiBold.otf in Resources */ = {isa = PBXBuildFile; fileRef = 6EE1C3B959684A55A2F9279A /* Metropolis-SemiBold.otf */; };
		2B2431F029CB42388AD2FA4E /* Metropolis-ThinItalic.otf in Resources */ = {isa = PBXBuildFile; fileRef = 9EC80F1AABA94695BDBB29CD /* Metropolis-ThinItalic.otf */; };
		34C46DF5A0D24C6AB6DCEE6E /* Metropolis-ExtraLight.otf in Resources */ = {isa = PBXBuildFile; fileRef = 10AA58527C354541A77AB36D /* Metropolis-ExtraLight.otf */; };
		3B06511A542748D4A12F2003 /* Metropolis-Bold.otf in Resources */ = {isa = PBXBuildFile; fileRef = 97520067F8D64D0BBB77BB87 /* Metropolis-Bold.otf */; };
		408C369F7D5B48C0827048C1 /* Metropolis-BoldItalic.otf in Resources */ = {isa = PBXBuildFile; fileRef = 55BA62BAEBFC4C4A84BCB9D3 /* Metropolis-BoldItalic.otf */; };
		487BCD189B4E494197E1A924 /* Metropolis-RegularItalic.otf in Resources */ = {isa = PBXBuildFile; fileRef = 19931780DD27490F9E54A9E5 /* Metropolis-RegularItalic.otf */; };
		6172F2D35A4C3AA820D92908 /* libPods-PasswallMobile.a in Frameworks */ = {isa = PBXBuildFile; fileRef = 6423831EA8574132BED9D8CC /* libPods-PasswallMobile.a */; };
		617EF32577E4401FB5A94BA4 /* Metropolis-ExtraLightItalic.otf in Resources */ = {isa = PBXBuildFile; fileRef = 29BDB09A93BF4223A202FF52 /* Metropolis-ExtraLightItalic.otf */; };
		6AB1F10A0E1F43F5BAA49119 /* Metropolis-Medium.otf in Resources */ = {isa = PBXBuildFile; fileRef = 3F90592170434609A5BF2C1D /* Metropolis-Medium.otf */; };
		6BE357A58A624B6DAAE966BD /* Metropolis-Light.otf in Resources */ = {isa = PBXBuildFile; fileRef = 65B5272727714C21867AD46E /* Metropolis-Light.otf */; };
		7867A5D26F6D417A80B177D9 /* Metropolis-LightItalic.otf in Resources */ = {isa = PBXBuildFile; fileRef = 4AEEEBFDC5E047F9BDF3872A /* Metropolis-LightItalic.otf */; };
		7955624FCEE447DA87004C00 /* Metropolis-ExtraBold.otf in Resources */ = {isa = PBXBuildFile; fileRef = 4C1EB44CA4164C669B240068 /* Metropolis-ExtraBold.otf */; };
		7EF68E3733C33B6898317E18 /* libPods-PasswallMobile-PasswallMobileTests.a in Frameworks */ = {isa = PBXBuildFile; fileRef = ABFE59519B596E51CEFDCCC0 /* libPods-PasswallMobile-PasswallMobileTests.a */; };
		81AB9BB82411601600AC10FF /* LaunchScreen.storyboard in Resources */ = {isa = PBXBuildFile; fileRef = 81AB9BB72411601600AC10FF /* LaunchScreen.storyboard */; };
		A9D628BF58D64686A83A253C /* Metropolis-SemiBoldItalic.otf in Resources */ = {isa = PBXBuildFile; fileRef = 16CC862FE48B44C6B25B4BC2 /* Metropolis-SemiBoldItalic.otf */; };
		B6EC33CEED0F4298A3634C83 /* Metropolis-Regular.otf in Resources */ = {isa = PBXBuildFile; fileRef = E8D59EAF8BBA4D98BC83083C /* Metropolis-Regular.otf */; };
		E999C096F7DA4A7181FB3774 /* Metropolis-Black.otf in Resources */ = {isa = PBXBuildFile; fileRef = 08FF53F7AA4742A5A6A849E3 /* Metropolis-Black.otf */; };
		F15B0B37C1124F6AAB71B1A0 /* Metropolis-BlackItalic.otf in Resources */ = {isa = PBXBuildFile; fileRef = 049C1223C96F4D8B9E9D7A40 /* Metropolis-BlackItalic.otf */; };
		4B5B77EDCE494429B49A3561 /* Inter-Black.ttf in Resources */ = {isa = PBXBuildFile; fileRef = 19D5489CC2E04F15BBAC399C /* Inter-Black.ttf */; };
		D0B502C083A846D48A8F8526 /* Inter-Bold.ttf in Resources */ = {isa = PBXBuildFile; fileRef = 393E49BDF206495090CA7FDC /* Inter-Bold.ttf */; };
		C6BFDD008A5C4D80B8C448C4 /* Inter-ExtraBold.ttf in Resources */ = {isa = PBXBuildFile; fileRef = 3D96EEE45FED412394FCE888 /* Inter-ExtraBold.ttf */; };
		B1613B10C22146BDB1C18C56 /* Inter-ExtraLight.ttf in Resources */ = {isa = PBXBuildFile; fileRef = AAE69858A55340189B450109 /* Inter-ExtraLight.ttf */; };
		E046064496D74E8E945E3978 /* Inter-Light.ttf in Resources */ = {isa = PBXBuildFile; fileRef = 13F5342F1A5643C3BDB90AA9 /* Inter-Light.ttf */; };
		2D79361AF68642CB84609940 /* Inter-Medium.ttf in Resources */ = {isa = PBXBuildFile; fileRef = 621D1BFF660B4750B336D9E1 /* Inter-Medium.ttf */; };
		0DA31ECE802D435CB3D77728 /* Inter-Regular.ttf in Resources */ = {isa = PBXBuildFile; fileRef = 375920C84B9F4157B4ED26A9 /* Inter-Regular.ttf */; };
		1572C7D2D1144B6C829D44D9 /* Inter-SemiBold.ttf in Resources */ = {isa = PBXBuildFile; fileRef = 15B4A797A2D346AD8D43A0E0 /* Inter-SemiBold.ttf */; };
		057360DFFFCF479B80F7CCCB /* Inter-Thin.ttf in Resources */ = {isa = PBXBuildFile; fileRef = E0A8FFCA53194E95AFD4477A /* Inter-Thin.ttf */; };
/* End PBXBuildFile section */

/* Begin PBXContainerItemProxy section */
		00E356F41AD99517003FC87E /* PBXContainerItemProxy */ = {
			isa = PBXContainerItemProxy;
			containerPortal = 83CBB9F71A601CBA00E9B192 /* Project object */;
			proxyType = 1;
			remoteGlobalIDString = 13B07F861A680F5B00A75B9A;
			remoteInfo = PasswallMobile;
		};
/* End PBXContainerItemProxy section */

/* Begin PBXFileReference section */
		00E356EE1AD99517003FC87E /* PasswallMobileTests.xctest */ = {isa = PBXFileReference; explicitFileType = wrapper.cfbundle; includeInIndex = 0; path = PasswallMobileTests.xctest; sourceTree = BUILT_PRODUCTS_DIR; };
		00E356F11AD99517003FC87E /* Info.plist */ = {isa = PBXFileReference; lastKnownFileType = text.plist.xml; path = Info.plist; sourceTree = "<group>"; };
		00E356F21AD99517003FC87E /* PasswallMobileTests.m */ = {isa = PBXFileReference; lastKnownFileType = sourcecode.c.objc; path = PasswallMobileTests.m; sourceTree = "<group>"; };
		049C1223C96F4D8B9E9D7A40 /* Metropolis-BlackItalic.otf */ = {isa = PBXFileReference; explicitFileType = undefined; fileEncoding = undefined; includeInIndex = 0; lastKnownFileType = unknown; name = "Metropolis-BlackItalic.otf"; path = "../src/assets/fonts/Metropolis-BlackItalic.otf"; sourceTree = "<group>"; };
		08FF53F7AA4742A5A6A849E3 /* Metropolis-Black.otf */ = {isa = PBXFileReference; explicitFileType = undefined; fileEncoding = undefined; includeInIndex = 0; lastKnownFileType = unknown; name = "Metropolis-Black.otf"; path = "../src/assets/fonts/Metropolis-Black.otf"; sourceTree = "<group>"; };
		10AA58527C354541A77AB36D /* Metropolis-ExtraLight.otf */ = {isa = PBXFileReference; explicitFileType = undefined; fileEncoding = undefined; includeInIndex = 0; lastKnownFileType = unknown; name = "Metropolis-ExtraLight.otf"; path = "../src/assets/fonts/Metropolis-ExtraLight.otf"; sourceTree = "<group>"; };
		13B07F961A680F5B00A75B9A /* PasswallMobile.app */ = {isa = PBXFileReference; explicitFileType = wrapper.application; includeInIndex = 0; path = PasswallMobile.app; sourceTree = BUILT_PRODUCTS_DIR; };
		13B07FAF1A68108700A75B9A /* AppDelegate.h */ = {isa = PBXFileReference; fileEncoding = 4; lastKnownFileType = sourcecode.c.h; name = AppDelegate.h; path = PasswallMobile/AppDelegate.h; sourceTree = "<group>"; };
		13B07FB01A68108700A75B9A /* AppDelegate.m */ = {isa = PBXFileReference; fileEncoding = 4; lastKnownFileType = sourcecode.c.objc; name = AppDelegate.m; path = PasswallMobile/AppDelegate.m; sourceTree = "<group>"; };
		13B07FB51A68108700A75B9A /* Images.xcassets */ = {isa = PBXFileReference; lastKnownFileType = folder.assetcatalog; name = Images.xcassets; path = PasswallMobile/Images.xcassets; sourceTree = "<group>"; };
		13B07FB61A68108700A75B9A /* Info.plist */ = {isa = PBXFileReference; fileEncoding = 4; lastKnownFileType = text.plist.xml; name = Info.plist; path = PasswallMobile/Info.plist; sourceTree = "<group>"; };
		13B07FB71A68108700A75B9A /* main.m */ = {isa = PBXFileReference; fileEncoding = 4; lastKnownFileType = sourcecode.c.objc; name = main.m; path = PasswallMobile/main.m; sourceTree = "<group>"; };
		16CC862FE48B44C6B25B4BC2 /* Metropolis-SemiBoldItalic.otf */ = {isa = PBXFileReference; explicitFileType = undefined; fileEncoding = undefined; includeInIndex = 0; lastKnownFileType = unknown; name = "Metropolis-SemiBoldItalic.otf"; path = "../src/assets/fonts/Metropolis-SemiBoldItalic.otf"; sourceTree = "<group>"; };
		19931780DD27490F9E54A9E5 /* Metropolis-RegularItalic.otf */ = {isa = PBXFileReference; explicitFileType = undefined; fileEncoding = undefined; includeInIndex = 0; lastKnownFileType = unknown; name = "Metropolis-RegularItalic.otf"; path = "../src/assets/fonts/Metropolis-RegularItalic.otf"; sourceTree = "<group>"; };
		1D0AE47A65C8663E3B452821 /* Pods-PasswallMobile-PasswallMobileTests.release.xcconfig */ = {isa = PBXFileReference; includeInIndex = 1; lastKnownFileType = text.xcconfig; name = "Pods-PasswallMobile-PasswallMobileTests.release.xcconfig"; path = "Target Support Files/Pods-PasswallMobile-PasswallMobileTests/Pods-PasswallMobile-PasswallMobileTests.release.xcconfig"; sourceTree = "<group>"; };
		29BDB09A93BF4223A202FF52 /* Metropolis-ExtraLightItalic.otf */ = {isa = PBXFileReference; explicitFileType = undefined; fileEncoding = undefined; includeInIndex = 0; lastKnownFileType = unknown; name = "Metropolis-ExtraLightItalic.otf"; path = "../src/assets/fonts/Metropolis-ExtraLightItalic.otf"; sourceTree = "<group>"; };
		3F90592170434609A5BF2C1D /* Metropolis-Medium.otf */ = {isa = PBXFileReference; explicitFileType = undefined; fileEncoding = undefined; includeInIndex = 0; lastKnownFileType = unknown; name = "Metropolis-Medium.otf"; path = "../src/assets/fonts/Metropolis-Medium.otf"; sourceTree = "<group>"; };
		4AEEEBFDC5E047F9BDF3872A /* Metropolis-LightItalic.otf */ = {isa = PBXFileReference; explicitFileType = undefined; fileEncoding = undefined; includeInIndex = 0; lastKnownFileType = unknown; name = "Metropolis-LightItalic.otf"; path = "../src/assets/fonts/Metropolis-LightItalic.otf"; sourceTree = "<group>"; };
		4C1EB44CA4164C669B240068 /* Metropolis-ExtraBold.otf */ = {isa = PBXFileReference; explicitFileType = undefined; fileEncoding = undefined; includeInIndex = 0; lastKnownFileType = unknown; name = "Metropolis-ExtraBold.otf"; path = "../src/assets/fonts/Metropolis-ExtraBold.otf"; sourceTree = "<group>"; };
		55BA62BAEBFC4C4A84BCB9D3 /* Metropolis-BoldItalic.otf */ = {isa = PBXFileReference; explicitFileType = undefined; fileEncoding = undefined; includeInIndex = 0; lastKnownFileType = unknown; name = "Metropolis-BoldItalic.otf"; path = "../src/assets/fonts/Metropolis-BoldItalic.otf"; sourceTree = "<group>"; };
		6423831EA8574132BED9D8CC /* libPods-PasswallMobile.a */ = {isa = PBXFileReference; explicitFileType = archive.ar; includeInIndex = 0; path = "libPods-PasswallMobile.a"; sourceTree = BUILT_PRODUCTS_DIR; };
		65B5272727714C21867AD46E /* Metropolis-Light.otf */ = {isa = PBXFileReference; explicitFileType = undefined; fileEncoding = undefined; includeInIndex = 0; lastKnownFileType = unknown; name = "Metropolis-Light.otf"; path = "../src/assets/fonts/Metropolis-Light.otf"; sourceTree = "<group>"; };
		6C97AB639B58BBB4B15BBE30 /* Pods-PasswallMobile-PasswallMobileTests.debug.xcconfig */ = {isa = PBXFileReference; includeInIndex = 1; lastKnownFileType = text.xcconfig; name = "Pods-PasswallMobile-PasswallMobileTests.debug.xcconfig"; path = "Target Support Files/Pods-PasswallMobile-PasswallMobileTests/Pods-PasswallMobile-PasswallMobileTests.debug.xcconfig"; sourceTree = "<group>"; };
		6EE1C3B959684A55A2F9279A /* Metropolis-SemiBold.otf */ = {isa = PBXFileReference; explicitFileType = undefined; fileEncoding = undefined; includeInIndex = 0; lastKnownFileType = unknown; name = "Metropolis-SemiBold.otf"; path = "../src/assets/fonts/Metropolis-SemiBold.otf"; sourceTree = "<group>"; };
		81AB9BB72411601600AC10FF /* LaunchScreen.storyboard */ = {isa = PBXFileReference; fileEncoding = 4; lastKnownFileType = file.storyboard; name = LaunchScreen.storyboard; path = PasswallMobile/LaunchScreen.storyboard; sourceTree = "<group>"; };
		97520067F8D64D0BBB77BB87 /* Metropolis-Bold.otf */ = {isa = PBXFileReference; explicitFileType = undefined; fileEncoding = undefined; includeInIndex = 0; lastKnownFileType = unknown; name = "Metropolis-Bold.otf"; path = "../src/assets/fonts/Metropolis-Bold.otf"; sourceTree = "<group>"; };
		9EC80F1AABA94695BDBB29CD /* Metropolis-ThinItalic.otf */ = {isa = PBXFileReference; explicitFileType = undefined; fileEncoding = undefined; includeInIndex = 0; lastKnownFileType = unknown; name = "Metropolis-ThinItalic.otf"; path = "../src/assets/fonts/Metropolis-ThinItalic.otf"; sourceTree = "<group>"; };
		A637D7B1985746669AAC972E /* Metropolis-Thin.otf */ = {isa = PBXFileReference; explicitFileType = undefined; fileEncoding = undefined; includeInIndex = 0; lastKnownFileType = unknown; name = "Metropolis-Thin.otf"; path = "../src/assets/fonts/Metropolis-Thin.otf"; sourceTree = "<group>"; };
		ABFE59519B596E51CEFDCCC0 /* libPods-PasswallMobile-PasswallMobileTests.a */ = {isa = PBXFileReference; explicitFileType = archive.ar; includeInIndex = 0; path = "libPods-PasswallMobile-PasswallMobileTests.a"; sourceTree = BUILT_PRODUCTS_DIR; };
		C0A881CF5CF3F2B244570E2A /* Pods-PasswallMobile.debug.xcconfig */ = {isa = PBXFileReference; includeInIndex = 1; lastKnownFileType = text.xcconfig; name = "Pods-PasswallMobile.debug.xcconfig"; path = "Target Support Files/Pods-PasswallMobile/Pods-PasswallMobile.debug.xcconfig"; sourceTree = "<group>"; };
		D00AAFFCFCFDA5787532823F /* Pods-PasswallMobile.release.xcconfig */ = {isa = PBXFileReference; includeInIndex = 1; lastKnownFileType = text.xcconfig; name = "Pods-PasswallMobile.release.xcconfig"; path = "Target Support Files/Pods-PasswallMobile/Pods-PasswallMobile.release.xcconfig"; sourceTree = "<group>"; };
		D1192AB2FA084EB0A17CD502 /* Metropolis-ExtraBoldItalic.otf */ = {isa = PBXFileReference; explicitFileType = undefined; fileEncoding = undefined; includeInIndex = 0; lastKnownFileType = unknown; name = "Metropolis-ExtraBoldItalic.otf"; path = "../src/assets/fonts/Metropolis-ExtraBoldItalic.otf"; sourceTree = "<group>"; };
		E3F59507E5774093991EFEC7 /* Metropolis-MediumItalic.otf */ = {isa = PBXFileReference; explicitFileType = undefined; fileEncoding = undefined; includeInIndex = 0; lastKnownFileType = unknown; name = "Metropolis-MediumItalic.otf"; path = "../src/assets/fonts/Metropolis-MediumItalic.otf"; sourceTree = "<group>"; };
		E8D59EAF8BBA4D98BC83083C /* Metropolis-Regular.otf */ = {isa = PBXFileReference; explicitFileType = undefined; fileEncoding = undefined; includeInIndex = 0; lastKnownFileType = unknown; name = "Metropolis-Regular.otf"; path = "../src/assets/fonts/Metropolis-Regular.otf"; sourceTree = "<group>"; };
		ED297162215061F000B7C4FE /* JavaScriptCore.framework */ = {isa = PBXFileReference; lastKnownFileType = wrapper.framework; name = JavaScriptCore.framework; path = System/Library/Frameworks/JavaScriptCore.framework; sourceTree = SDKROOT; };
		19D5489CC2E04F15BBAC399C /* Inter-Black.ttf */ = {isa = PBXFileReference; name = "Inter-Black.ttf"; path = "../src/assets/fonts/Inter-Black.ttf"; sourceTree = "<group>"; fileEncoding = undefined; lastKnownFileType = unknown; explicitFileType = undefined; includeInIndex = 0; };
		393E49BDF206495090CA7FDC /* Inter-Bold.ttf */ = {isa = PBXFileReference; name = "Inter-Bold.ttf"; path = "../src/assets/fonts/Inter-Bold.ttf"; sourceTree = "<group>"; fileEncoding = undefined; lastKnownFileType = unknown; explicitFileType = undefined; includeInIndex = 0; };
		3D96EEE45FED412394FCE888 /* Inter-ExtraBold.ttf */ = {isa = PBXFileReference; name = "Inter-ExtraBold.ttf"; path = "../src/assets/fonts/Inter-ExtraBold.ttf"; sourceTree = "<group>"; fileEncoding = undefined; lastKnownFileType = unknown; explicitFileType = undefined; includeInIndex = 0; };
		AAE69858A55340189B450109 /* Inter-ExtraLight.ttf */ = {isa = PBXFileReference; name = "Inter-ExtraLight.ttf"; path = "../src/assets/fonts/Inter-ExtraLight.ttf"; sourceTree = "<group>"; fileEncoding = undefined; lastKnownFileType = unknown; explicitFileType = undefined; includeInIndex = 0; };
		13F5342F1A5643C3BDB90AA9 /* Inter-Light.ttf */ = {isa = PBXFileReference; name = "Inter-Light.ttf"; path = "../src/assets/fonts/Inter-Light.ttf"; sourceTree = "<group>"; fileEncoding = undefined; lastKnownFileType = unknown; explicitFileType = undefined; includeInIndex = 0; };
		621D1BFF660B4750B336D9E1 /* Inter-Medium.ttf */ = {isa = PBXFileReference; name = "Inter-Medium.ttf"; path = "../src/assets/fonts/Inter-Medium.ttf"; sourceTree = "<group>"; fileEncoding = undefined; lastKnownFileType = unknown; explicitFileType = undefined; includeInIndex = 0; };
		375920C84B9F4157B4ED26A9 /* Inter-Regular.ttf */ = {isa = PBXFileReference; name = "Inter-Regular.ttf"; path = "../src/assets/fonts/Inter-Regular.ttf"; sourceTree = "<group>"; fileEncoding = undefined; lastKnownFileType = unknown; explicitFileType = undefined; includeInIndex = 0; };
		15B4A797A2D346AD8D43A0E0 /* Inter-SemiBold.ttf */ = {isa = PBXFileReference; name = "Inter-SemiBold.ttf"; path = "../src/assets/fonts/Inter-SemiBold.ttf"; sourceTree = "<group>"; fileEncoding = undefined; lastKnownFileType = unknown; explicitFileType = undefined; includeInIndex = 0; };
		E0A8FFCA53194E95AFD4477A /* Inter-Thin.ttf */ = {isa = PBXFileReference; name = "Inter-Thin.ttf"; path = "../src/assets/fonts/Inter-Thin.ttf"; sourceTree = "<group>"; fileEncoding = undefined; lastKnownFileType = unknown; explicitFileType = undefined; includeInIndex = 0; };
/* End PBXFileReference section */

/* Begin PBXFrameworksBuildPhase section */
		00E356EB1AD99517003FC87E /* Frameworks */ = {
			isa = PBXFrameworksBuildPhase;
			buildActionMask = 2147483647;
			files = (
				7EF68E3733C33B6898317E18 /* libPods-PasswallMobile-PasswallMobileTests.a in Frameworks */,
			);
			runOnlyForDeploymentPostprocessing = 0;
		};
		13B07F8C1A680F5B00A75B9A /* Frameworks */ = {
			isa = PBXFrameworksBuildPhase;
			buildActionMask = 2147483647;
			files = (
				6172F2D35A4C3AA820D92908 /* libPods-PasswallMobile.a in Frameworks */,
			);
			runOnlyForDeploymentPostprocessing = 0;
		};
/* End PBXFrameworksBuildPhase section */

/* Begin PBXGroup section */
		00E356EF1AD99517003FC87E /* PasswallMobileTests */ = {
			isa = PBXGroup;
			children = (
				00E356F21AD99517003FC87E /* PasswallMobileTests.m */,
				00E356F01AD99517003FC87E /* Supporting Files */,
			);
			path = PasswallMobileTests;
			sourceTree = "<group>";
		};
		00E356F01AD99517003FC87E /* Supporting Files */ = {
			isa = PBXGroup;
			children = (
				00E356F11AD99517003FC87E /* Info.plist */,
			);
			name = "Supporting Files";
			sourceTree = "<group>";
		};
		0D472AD19B854974B8CA46B9 /* Resources */ = {
			isa = PBXGroup;
			children = (
				08FF53F7AA4742A5A6A849E3 /* Metropolis-Black.otf */,
				049C1223C96F4D8B9E9D7A40 /* Metropolis-BlackItalic.otf */,
				97520067F8D64D0BBB77BB87 /* Metropolis-Bold.otf */,
				55BA62BAEBFC4C4A84BCB9D3 /* Metropolis-BoldItalic.otf */,
				4C1EB44CA4164C669B240068 /* Metropolis-ExtraBold.otf */,
				D1192AB2FA084EB0A17CD502 /* Metropolis-ExtraBoldItalic.otf */,
				10AA58527C354541A77AB36D /* Metropolis-ExtraLight.otf */,
				29BDB09A93BF4223A202FF52 /* Metropolis-ExtraLightItalic.otf */,
				65B5272727714C21867AD46E /* Metropolis-Light.otf */,
				4AEEEBFDC5E047F9BDF3872A /* Metropolis-LightItalic.otf */,
				3F90592170434609A5BF2C1D /* Metropolis-Medium.otf */,
				E3F59507E5774093991EFEC7 /* Metropolis-MediumItalic.otf */,
				E8D59EAF8BBA4D98BC83083C /* Metropolis-Regular.otf */,
				19931780DD27490F9E54A9E5 /* Metropolis-RegularItalic.otf */,
				6EE1C3B959684A55A2F9279A /* Metropolis-SemiBold.otf */,
				16CC862FE48B44C6B25B4BC2 /* Metropolis-SemiBoldItalic.otf */,
				A637D7B1985746669AAC972E /* Metropolis-Thin.otf */,
				9EC80F1AABA94695BDBB29CD /* Metropolis-ThinItalic.otf */,
				19D5489CC2E04F15BBAC399C /* Inter-Black.ttf */,
				393E49BDF206495090CA7FDC /* Inter-Bold.ttf */,
				3D96EEE45FED412394FCE888 /* Inter-ExtraBold.ttf */,
				AAE69858A55340189B450109 /* Inter-ExtraLight.ttf */,
				13F5342F1A5643C3BDB90AA9 /* Inter-Light.ttf */,
				621D1BFF660B4750B336D9E1 /* Inter-Medium.ttf */,
				375920C84B9F4157B4ED26A9 /* Inter-Regular.ttf */,
				15B4A797A2D346AD8D43A0E0 /* Inter-SemiBold.ttf */,
				E0A8FFCA53194E95AFD4477A /* Inter-Thin.ttf */,
			);
			name = Resources;
			path = "";
			sourceTree = "<group>";
		};
		13B07FAE1A68108700A75B9A /* PasswallMobile */ = {
			isa = PBXGroup;
			children = (
				13B07FAF1A68108700A75B9A /* AppDelegate.h */,
				13B07FB01A68108700A75B9A /* AppDelegate.m */,
				13B07FB51A68108700A75B9A /* Images.xcassets */,
				13B07FB61A68108700A75B9A /* Info.plist */,
				81AB9BB72411601600AC10FF /* LaunchScreen.storyboard */,
				13B07FB71A68108700A75B9A /* main.m */,
			);
			name = PasswallMobile;
			sourceTree = "<group>";
		};
		2D16E6871FA4F8E400B85C8A /* Frameworks */ = {
			isa = PBXGroup;
			children = (
				ED297162215061F000B7C4FE /* JavaScriptCore.framework */,
				6423831EA8574132BED9D8CC /* libPods-PasswallMobile.a */,
				ABFE59519B596E51CEFDCCC0 /* libPods-PasswallMobile-PasswallMobileTests.a */,
			);
			name = Frameworks;
			sourceTree = "<group>";
		};
		832341AE1AAA6A7D00B99B32 /* Libraries */ = {
			isa = PBXGroup;
			children = (
			);
			name = Libraries;
			sourceTree = "<group>";
		};
		83CBB9F61A601CBA00E9B192 = {
			isa = PBXGroup;
			children = (
				13B07FAE1A68108700A75B9A /* PasswallMobile */,
				832341AE1AAA6A7D00B99B32 /* Libraries */,
				00E356EF1AD99517003FC87E /* PasswallMobileTests */,
				83CBBA001A601CBA00E9B192 /* Products */,
				2D16E6871FA4F8E400B85C8A /* Frameworks */,
				E233CBF5F47BEE60B243DCF8 /* Pods */,
				0D472AD19B854974B8CA46B9 /* Resources */,
			);
			indentWidth = 2;
			sourceTree = "<group>";
			tabWidth = 2;
			usesTabs = 0;
		};
		83CBBA001A601CBA00E9B192 /* Products */ = {
			isa = PBXGroup;
			children = (
				13B07F961A680F5B00A75B9A /* PasswallMobile.app */,
				00E356EE1AD99517003FC87E /* PasswallMobileTests.xctest */,
			);
			name = Products;
			sourceTree = "<group>";
		};
		E233CBF5F47BEE60B243DCF8 /* Pods */ = {
			isa = PBXGroup;
			children = (
				C0A881CF5CF3F2B244570E2A /* Pods-PasswallMobile.debug.xcconfig */,
				D00AAFFCFCFDA5787532823F /* Pods-PasswallMobile.release.xcconfig */,
				6C97AB639B58BBB4B15BBE30 /* Pods-PasswallMobile-PasswallMobileTests.debug.xcconfig */,
				1D0AE47A65C8663E3B452821 /* Pods-PasswallMobile-PasswallMobileTests.release.xcconfig */,
			);
			name = Pods;
			path = Pods;
			sourceTree = "<group>";
		};
/* End PBXGroup section */

/* Begin PBXNativeTarget section */
		00E356ED1AD99517003FC87E /* PasswallMobileTests */ = {
			isa = PBXNativeTarget;
			buildConfigurationList = 00E357021AD99517003FC87E /* Build configuration list for PBXNativeTarget "PasswallMobileTests" */;
			buildPhases = (
				A130D646172E58E1D159D8F2 /* [CP] Check Pods Manifest.lock */,
				00E356EA1AD99517003FC87E /* Sources */,
				00E356EB1AD99517003FC87E /* Frameworks */,
				00E356EC1AD99517003FC87E /* Resources */,
				077E01280D4B4AD18B2E1770 /* [CP] Embed Pods Frameworks */,
				4E62BDF20514810D028A5FBF /* [CP] Copy Pods Resources */,
			);
			buildRules = (
			);
			dependencies = (
				00E356F51AD99517003FC87E /* PBXTargetDependency */,
			);
			name = PasswallMobileTests;
			productName = PasswallMobileTests;
			productReference = 00E356EE1AD99517003FC87E /* PasswallMobileTests.xctest */;
			productType = "com.apple.product-type.bundle.unit-test";
		};
		13B07F861A680F5B00A75B9A /* PasswallMobile */ = {
			isa = PBXNativeTarget;
			buildConfigurationList = 13B07F931A680F5B00A75B9A /* Build configuration list for PBXNativeTarget "PasswallMobile" */;
			buildPhases = (
				3E482C27206C4DEF2FE45063 /* [CP] Check Pods Manifest.lock */,
				FD10A7F022414F080027D42C /* Start Packager */,
				13B07F871A680F5B00A75B9A /* Sources */,
				13B07F8C1A680F5B00A75B9A /* Frameworks */,
				13B07F8E1A680F5B00A75B9A /* Resources */,
				00DD1BFF1BD5951E006B06BC /* Bundle React Native code and images */,
				C8AC78B0264D0F9F6F6D630E /* [CP] Embed Pods Frameworks */,
				ADC9DDC32298B72B3CF5DC8E /* [CP] Copy Pods Resources */,
			);
			buildRules = (
			);
			dependencies = (
			);
			name = PasswallMobile;
			productName = PasswallMobile;
			productReference = 13B07F961A680F5B00A75B9A /* PasswallMobile.app */;
			productType = "com.apple.product-type.application";
		};
/* End PBXNativeTarget section */

/* Begin PBXProject section */
		83CBB9F71A601CBA00E9B192 /* Project object */ = {
			isa = PBXProject;
			attributes = {
				LastUpgradeCheck = 1210;
				TargetAttributes = {
					00E356ED1AD99517003FC87E = {
						CreatedOnToolsVersion = 6.2;
						TestTargetID = 13B07F861A680F5B00A75B9A;
					};
					13B07F861A680F5B00A75B9A = {
						LastSwiftMigration = 1120;
					};
				};
			};
			buildConfigurationList = 83CBB9FA1A601CBA00E9B192 /* Build configuration list for PBXProject "PasswallMobile" */;
			compatibilityVersion = "Xcode 12.0";
			developmentRegion = en;
			hasScannedForEncodings = 0;
			knownRegions = (
				en,
				Base,
			);
			mainGroup = 83CBB9F61A601CBA00E9B192;
			productRefGroup = 83CBBA001A601CBA00E9B192 /* Products */;
			projectDirPath = "";
			projectRoot = "";
			targets = (
				13B07F861A680F5B00A75B9A /* PasswallMobile */,
				00E356ED1AD99517003FC87E /* PasswallMobileTests */,
			);
		};
/* End PBXProject section */

/* Begin PBXResourcesBuildPhase section */
		00E356EC1AD99517003FC87E /* Resources */ = {
			isa = PBXResourcesBuildPhase;
			buildActionMask = 2147483647;
			files = (
			);
			runOnlyForDeploymentPostprocessing = 0;
		};
		13B07F8E1A680F5B00A75B9A /* Resources */ = {
			isa = PBXResourcesBuildPhase;
			buildActionMask = 2147483647;
			files = (
				81AB9BB82411601600AC10FF /* LaunchScreen.storyboard in Resources */,
				13B07FBF1A68108700A75B9A /* Images.xcassets in Resources */,
				E999C096F7DA4A7181FB3774 /* Metropolis-Black.otf in Resources */,
				F15B0B37C1124F6AAB71B1A0 /* Metropolis-BlackItalic.otf in Resources */,
				3B06511A542748D4A12F2003 /* Metropolis-Bold.otf in Resources */,
				408C369F7D5B48C0827048C1 /* Metropolis-BoldItalic.otf in Resources */,
				7955624FCEE447DA87004C00 /* Metropolis-ExtraBold.otf in Resources */,
				0B0E8B228733482B98602FA6 /* Metropolis-ExtraBoldItalic.otf in Resources */,
				34C46DF5A0D24C6AB6DCEE6E /* Metropolis-ExtraLight.otf in Resources */,
				617EF32577E4401FB5A94BA4 /* Metropolis-ExtraLightItalic.otf in Resources */,
				6BE357A58A624B6DAAE966BD /* Metropolis-Light.otf in Resources */,
				7867A5D26F6D417A80B177D9 /* Metropolis-LightItalic.otf in Resources */,
				6AB1F10A0E1F43F5BAA49119 /* Metropolis-Medium.otf in Resources */,
				0DAA46ECCAC04D14BAC8E861 /* Metropolis-MediumItalic.otf in Resources */,
				B6EC33CEED0F4298A3634C83 /* Metropolis-Regular.otf in Resources */,
				487BCD189B4E494197E1A924 /* Metropolis-RegularItalic.otf in Resources */,
				2AF072FEA89042DFAB9CA796 /* Metropolis-SemiBold.otf in Resources */,
				A9D628BF58D64686A83A253C /* Metropolis-SemiBoldItalic.otf in Resources */,
				1AB370F3AB2148048BEC89A2 /* Metropolis-Thin.otf in Resources */,
				2B2431F029CB42388AD2FA4E /* Metropolis-ThinItalic.otf in Resources */,
				4B5B77EDCE494429B49A3561 /* Inter-Black.ttf in Resources */,
				D0B502C083A846D48A8F8526 /* Inter-Bold.ttf in Resources */,
				C6BFDD008A5C4D80B8C448C4 /* Inter-ExtraBold.ttf in Resources */,
				B1613B10C22146BDB1C18C56 /* Inter-ExtraLight.ttf in Resources */,
				E046064496D74E8E945E3978 /* Inter-Light.ttf in Resources */,
				2D79361AF68642CB84609940 /* Inter-Medium.ttf in Resources */,
				0DA31ECE802D435CB3D77728 /* Inter-Regular.ttf in Resources */,
				1572C7D2D1144B6C829D44D9 /* Inter-SemiBold.ttf in Resources */,
				057360DFFFCF479B80F7CCCB /* Inter-Thin.ttf in Resources */,
			);
			runOnlyForDeploymentPostprocessing = 0;
		};
/* End PBXResourcesBuildPhase section */

/* Begin PBXShellScriptBuildPhase section */
		00DD1BFF1BD5951E006B06BC /* Bundle React Native code and images */ = {
			isa = PBXShellScriptBuildPhase;
			buildActionMask = 2147483647;
			files = (
			);
			inputPaths = (
			);
			name = "Bundle React Native code and images";
			outputPaths = (
			);
			runOnlyForDeploymentPostprocessing = 0;
			shellPath = /bin/sh;
			shellScript = "set -e\n\nexport NODE_BINARY=node\n../node_modules/react-native/scripts/react-native-xcode.sh\n";
		};
		077E01280D4B4AD18B2E1770 /* [CP] Embed Pods Frameworks */ = {
			isa = PBXShellScriptBuildPhase;
			buildActionMask = 2147483647;
			files = (
			);
			inputFileListPaths = (
				"${PODS_ROOT}/Target Support Files/Pods-PasswallMobile-PasswallMobileTests/Pods-PasswallMobile-PasswallMobileTests-frameworks-${CONFIGURATION}-input-files.xcfilelist",
			);
			name = "[CP] Embed Pods Frameworks";
			outputFileListPaths = (
				"${PODS_ROOT}/Target Support Files/Pods-PasswallMobile-PasswallMobileTests/Pods-PasswallMobile-PasswallMobileTests-frameworks-${CONFIGURATION}-output-files.xcfilelist",
			);
			runOnlyForDeploymentPostprocessing = 0;
			shellPath = /bin/sh;
			shellScript = "\"${PODS_ROOT}/Target Support Files/Pods-PasswallMobile-PasswallMobileTests/Pods-PasswallMobile-PasswallMobileTests-frameworks.sh\"\n";
			showEnvVarsInLog = 0;
		};
		3E482C27206C4DEF2FE45063 /* [CP] Check Pods Manifest.lock */ = {
			isa = PBXShellScriptBuildPhase;
			buildActionMask = 2147483647;
			files = (
			);
			inputFileListPaths = (
			);
			inputPaths = (
				"${PODS_PODFILE_DIR_PATH}/Podfile.lock",
				"${PODS_ROOT}/Manifest.lock",
			);
			name = "[CP] Check Pods Manifest.lock";
			outputFileListPaths = (
			);
			outputPaths = (
				"$(DERIVED_FILE_DIR)/Pods-PasswallMobile-checkManifestLockResult.txt",
			);
			runOnlyForDeploymentPostprocessing = 0;
			shellPath = /bin/sh;
			shellScript = "diff \"${PODS_PODFILE_DIR_PATH}/Podfile.lock\" \"${PODS_ROOT}/Manifest.lock\" > /dev/null\nif [ $? != 0 ] ; then\n    # print error to STDERR\n    echo \"error: The sandbox is not in sync with the Podfile.lock. Run 'pod install' or update your CocoaPods installation.\" >&2\n    exit 1\nfi\n# This output is used by Xcode 'outputs' to avoid re-running this script phase.\necho \"SUCCESS\" > \"${SCRIPT_OUTPUT_FILE_0}\"\n";
			showEnvVarsInLog = 0;
		};
		4E62BDF20514810D028A5FBF /* [CP] Copy Pods Resources */ = {
			isa = PBXShellScriptBuildPhase;
			buildActionMask = 2147483647;
			files = (
			);
			inputFileListPaths = (
				"${PODS_ROOT}/Target Support Files/Pods-PasswallMobile-PasswallMobileTests/Pods-PasswallMobile-PasswallMobileTests-resources-${CONFIGURATION}-input-files.xcfilelist",
			);
			name = "[CP] Copy Pods Resources";
			outputFileListPaths = (
				"${PODS_ROOT}/Target Support Files/Pods-PasswallMobile-PasswallMobileTests/Pods-PasswallMobile-PasswallMobileTests-resources-${CONFIGURATION}-output-files.xcfilelist",
			);
			runOnlyForDeploymentPostprocessing = 0;
			shellPath = /bin/sh;
			shellScript = "\"${PODS_ROOT}/Target Support Files/Pods-PasswallMobile-PasswallMobileTests/Pods-PasswallMobile-PasswallMobileTests-resources.sh\"\n";
			showEnvVarsInLog = 0;
		};
		A130D646172E58E1D159D8F2 /* [CP] Check Pods Manifest.lock */ = {
			isa = PBXShellScriptBuildPhase;
			buildActionMask = 2147483647;
			files = (
			);
			inputFileListPaths = (
			);
			inputPaths = (
				"${PODS_PODFILE_DIR_PATH}/Podfile.lock",
				"${PODS_ROOT}/Manifest.lock",
			);
			name = "[CP] Check Pods Manifest.lock";
			outputFileListPaths = (
			);
			outputPaths = (
				"$(DERIVED_FILE_DIR)/Pods-PasswallMobile-PasswallMobileTests-checkManifestLockResult.txt",
			);
			runOnlyForDeploymentPostprocessing = 0;
			shellPath = /bin/sh;
			shellScript = "diff \"${PODS_PODFILE_DIR_PATH}/Podfile.lock\" \"${PODS_ROOT}/Manifest.lock\" > /dev/null\nif [ $? != 0 ] ; then\n    # print error to STDERR\n    echo \"error: The sandbox is not in sync with the Podfile.lock. Run 'pod install' or update your CocoaPods installation.\" >&2\n    exit 1\nfi\n# This output is used by Xcode 'outputs' to avoid re-running this script phase.\necho \"SUCCESS\" > \"${SCRIPT_OUTPUT_FILE_0}\"\n";
			showEnvVarsInLog = 0;
		};
		ADC9DDC32298B72B3CF5DC8E /* [CP] Copy Pods Resources */ = {
			isa = PBXShellScriptBuildPhase;
			buildActionMask = 2147483647;
			files = (
			);
			inputFileListPaths = (
				"${PODS_ROOT}/Target Support Files/Pods-PasswallMobile/Pods-PasswallMobile-resources-${CONFIGURATION}-input-files.xcfilelist",
			);
			name = "[CP] Copy Pods Resources";
			outputFileListPaths = (
				"${PODS_ROOT}/Target Support Files/Pods-PasswallMobile/Pods-PasswallMobile-resources-${CONFIGURATION}-output-files.xcfilelist",
			);
			runOnlyForDeploymentPostprocessing = 0;
			shellPath = /bin/sh;
			shellScript = "\"${PODS_ROOT}/Target Support Files/Pods-PasswallMobile/Pods-PasswallMobile-resources.sh\"\n";
			showEnvVarsInLog = 0;
		};
		C8AC78B0264D0F9F6F6D630E /* [CP] Embed Pods Frameworks */ = {
			isa = PBXShellScriptBuildPhase;
			buildActionMask = 2147483647;
			files = (
			);
			inputFileListPaths = (
				"${PODS_ROOT}/Target Support Files/Pods-PasswallMobile/Pods-PasswallMobile-frameworks-${CONFIGURATION}-input-files.xcfilelist",
			);
			name = "[CP] Embed Pods Frameworks";
			outputFileListPaths = (
				"${PODS_ROOT}/Target Support Files/Pods-PasswallMobile/Pods-PasswallMobile-frameworks-${CONFIGURATION}-output-files.xcfilelist",
			);
			runOnlyForDeploymentPostprocessing = 0;
			shellPath = /bin/sh;
			shellScript = "\"${PODS_ROOT}/Target Support Files/Pods-PasswallMobile/Pods-PasswallMobile-frameworks.sh\"\n";
			showEnvVarsInLog = 0;
		};
		FD10A7F022414F080027D42C /* Start Packager */ = {
			isa = PBXShellScriptBuildPhase;
			buildActionMask = 2147483647;
			files = (
			);
			inputFileListPaths = (
			);
			inputPaths = (
			);
			name = "Start Packager";
			outputFileListPaths = (
			);
			outputPaths = (
			);
			runOnlyForDeploymentPostprocessing = 0;
			shellPath = /bin/sh;
			shellScript = "export RCT_METRO_PORT=\"${RCT_METRO_PORT:=8081}\"\necho \"export RCT_METRO_PORT=${RCT_METRO_PORT}\" > \"${SRCROOT}/../node_modules/react-native/scripts/.packager.env\"\nif [ -z \"${RCT_NO_LAUNCH_PACKAGER+xxx}\" ] ; then\n  if nc -w 5 -z localhost ${RCT_METRO_PORT} ; then\n    if ! curl -s \"http://localhost:${RCT_METRO_PORT}/status\" | grep -q \"packager-status:running\" ; then\n      echo \"Port ${RCT_METRO_PORT} already in use, packager is either not running or not running correctly\"\n      exit 2\n    fi\n  else\n    open \"$SRCROOT/../node_modules/react-native/scripts/launchPackager.command\" || echo \"Can't start packager automatically\"\n  fi\nfi\n";
			showEnvVarsInLog = 0;
		};
/* End PBXShellScriptBuildPhase section */

/* Begin PBXSourcesBuildPhase section */
		00E356EA1AD99517003FC87E /* Sources */ = {
			isa = PBXSourcesBuildPhase;
			buildActionMask = 2147483647;
			files = (
				00E356F31AD99517003FC87E /* PasswallMobileTests.m in Sources */,
			);
			runOnlyForDeploymentPostprocessing = 0;
		};
		13B07F871A680F5B00A75B9A /* Sources */ = {
			isa = PBXSourcesBuildPhase;
			buildActionMask = 2147483647;
			files = (
				13B07FBC1A68108700A75B9A /* AppDelegate.m in Sources */,
				13B07FC11A68108700A75B9A /* main.m in Sources */,
			);
			runOnlyForDeploymentPostprocessing = 0;
		};
/* End PBXSourcesBuildPhase section */

/* Begin PBXTargetDependency section */
		00E356F51AD99517003FC87E /* PBXTargetDependency */ = {
			isa = PBXTargetDependency;
			target = 13B07F861A680F5B00A75B9A /* PasswallMobile */;
			targetProxy = 00E356F41AD99517003FC87E /* PBXContainerItemProxy */;
		};
/* End PBXTargetDependency section */

/* Begin XCBuildConfiguration section */
		00E356F61AD99517003FC87E /* Debug */ = {
			isa = XCBuildConfiguration;
			baseConfigurationReference = 6C97AB639B58BBB4B15BBE30 /* Pods-PasswallMobile-PasswallMobileTests.debug.xcconfig */;
			buildSettings = {
				BUNDLE_LOADER = "$(TEST_HOST)";
				GCC_PREPROCESSOR_DEFINITIONS = (
					"DEBUG=1",
					"$(inherited)",
				);
				INFOPLIST_FILE = PasswallMobileTests/Info.plist;
				IPHONEOS_DEPLOYMENT_TARGET = 11.0;
				LD_RUNPATH_SEARCH_PATHS = (
					"$(inherited)",
					"@executable_path/Frameworks",
					"@loader_path/Frameworks",
				);
				OTHER_LDFLAGS = (
					"-ObjC",
					"-lc++",
					"$(inherited)",
				);
				PRODUCT_BUNDLE_IDENTIFIER = "org.reactjs.native.example.$(PRODUCT_NAME:rfc1034identifier)";
				PRODUCT_NAME = "$(TARGET_NAME)";
				TEST_HOST = "$(BUILT_PRODUCTS_DIR)/PasswallMobile.app/PasswallMobile";
			};
			name = Debug;
		};
		00E356F71AD99517003FC87E /* Release */ = {
			isa = XCBuildConfiguration;
			baseConfigurationReference = 1D0AE47A65C8663E3B452821 /* Pods-PasswallMobile-PasswallMobileTests.release.xcconfig */;
			buildSettings = {
				BUNDLE_LOADER = "$(TEST_HOST)";
				COPY_PHASE_STRIP = NO;
				INFOPLIST_FILE = PasswallMobileTests/Info.plist;
				IPHONEOS_DEPLOYMENT_TARGET = 11.0;
				LD_RUNPATH_SEARCH_PATHS = (
					"$(inherited)",
					"@executable_path/Frameworks",
					"@loader_path/Frameworks",
				);
				OTHER_LDFLAGS = (
					"-ObjC",
					"-lc++",
					"$(inherited)",
				);
				PRODUCT_BUNDLE_IDENTIFIER = "org.reactjs.native.example.$(PRODUCT_NAME:rfc1034identifier)";
				PRODUCT_NAME = "$(TARGET_NAME)";
				TEST_HOST = "$(BUILT_PRODUCTS_DIR)/PasswallMobile.app/PasswallMobile";
			};
			name = Release;
		};
		13B07F941A680F5B00A75B9A /* Debug */ = {
			isa = XCBuildConfiguration;
			baseConfigurationReference = C0A881CF5CF3F2B244570E2A /* Pods-PasswallMobile.debug.xcconfig */;
			buildSettings = {
				ASSETCATALOG_COMPILER_APPICON_NAME = AppIcon;
				CLANG_ENABLE_MODULES = YES;
				CURRENT_PROJECT_VERSION = 1;
				ENABLE_BITCODE = NO;
				INFOPLIST_FILE = PasswallMobile/Info.plist;
				LD_RUNPATH_SEARCH_PATHS = (
					"$(inherited)",
					"@executable_path/Frameworks",
				);
				OTHER_LDFLAGS = (
					"$(inherited)",
					"-ObjC",
					"-lc++",
				);
				PRODUCT_BUNDLE_IDENTIFIER = "org.reactjs.native.example.$(PRODUCT_NAME:rfc1034identifier)";
				PRODUCT_NAME = PasswallMobile;
				SWIFT_OPTIMIZATION_LEVEL = "-Onone";
				SWIFT_VERSION = 5.0;
				VERSIONING_SYSTEM = "apple-generic";
			};
			name = Debug;
		};
		13B07F951A680F5B00A75B9A /* Release */ = {
			isa = XCBuildConfiguration;
			baseConfigurationReference = D00AAFFCFCFDA5787532823F /* Pods-PasswallMobile.release.xcconfig */;
			buildSettings = {
				ASSETCATALOG_COMPILER_APPICON_NAME = AppIcon;
				CLANG_ENABLE_MODULES = YES;
				CURRENT_PROJECT_VERSION = 1;
				INFOPLIST_FILE = PasswallMobile/Info.plist;
				LD_RUNPATH_SEARCH_PATHS = (
					"$(inherited)",
					"@executable_path/Frameworks",
				);
				OTHER_LDFLAGS = (
					"$(inherited)",
					"-ObjC",
					"-lc++",
				);
				PRODUCT_BUNDLE_IDENTIFIER = "org.reactjs.native.example.$(PRODUCT_NAME:rfc1034identifier)";
				PRODUCT_NAME = PasswallMobile;
				SWIFT_VERSION = 5.0;
				VERSIONING_SYSTEM = "apple-generic";
			};
			name = Release;
		};
		83CBBA201A601CBA00E9B192 /* Debug */ = {
			isa = XCBuildConfiguration;
			buildSettings = {
				ALWAYS_SEARCH_USER_PATHS = NO;
				CLANG_ANALYZER_LOCALIZABILITY_NONLOCALIZED = YES;
				CLANG_CXX_LANGUAGE_STANDARD = "gnu++0x";
				CLANG_CXX_LIBRARY = "libc++";
				CLANG_ENABLE_MODULES = YES;
				CLANG_ENABLE_OBJC_ARC = YES;
				CLANG_WARN_BLOCK_CAPTURE_AUTORELEASING = YES;
				CLANG_WARN_BOOL_CONVERSION = YES;
				CLANG_WARN_COMMA = YES;
				CLANG_WARN_CONSTANT_CONVERSION = YES;
				CLANG_WARN_DEPRECATED_OBJC_IMPLEMENTATIONS = YES;
				CLANG_WARN_DIRECT_OBJC_ISA_USAGE = YES_ERROR;
				CLANG_WARN_EMPTY_BODY = YES;
				CLANG_WARN_ENUM_CONVERSION = YES;
				CLANG_WARN_INFINITE_RECURSION = YES;
				CLANG_WARN_INT_CONVERSION = YES;
				CLANG_WARN_NON_LITERAL_NULL_CONVERSION = YES;
				CLANG_WARN_OBJC_IMPLICIT_RETAIN_SELF = YES;
				CLANG_WARN_OBJC_LITERAL_CONVERSION = YES;
				CLANG_WARN_OBJC_ROOT_CLASS = YES_ERROR;
				CLANG_WARN_QUOTED_INCLUDE_IN_FRAMEWORK_HEADER = YES;
				CLANG_WARN_RANGE_LOOP_ANALYSIS = YES;
				CLANG_WARN_STRICT_PROTOTYPES = YES;
				CLANG_WARN_SUSPICIOUS_MOVE = YES;
				CLANG_WARN_UNREACHABLE_CODE = YES;
				CLANG_WARN__DUPLICATE_METHOD_MATCH = YES;
				"CODE_SIGN_IDENTITY[sdk=iphoneos*]" = "iPhone Developer";
				COPY_PHASE_STRIP = NO;
				ENABLE_STRICT_OBJC_MSGSEND = YES;
				ENABLE_TESTABILITY = YES;
				"EXCLUDED_ARCHS[sdk=iphonesimulator*]" = "";
				GCC_C_LANGUAGE_STANDARD = gnu99;
				GCC_DYNAMIC_NO_PIC = NO;
				GCC_NO_COMMON_BLOCKS = YES;
				GCC_OPTIMIZATION_LEVEL = 0;
				GCC_PREPROCESSOR_DEFINITIONS = (
					"DEBUG=1",
					"$(inherited)",
				);
				GCC_SYMBOLS_PRIVATE_EXTERN = NO;
				GCC_WARN_64_TO_32_BIT_CONVERSION = YES;
				GCC_WARN_ABOUT_RETURN_TYPE = YES_ERROR;
				GCC_WARN_UNDECLARED_SELECTOR = YES;
				GCC_WARN_UNINITIALIZED_AUTOS = YES_AGGRESSIVE;
				GCC_WARN_UNUSED_FUNCTION = YES;
				GCC_WARN_UNUSED_VARIABLE = YES;
				IPHONEOS_DEPLOYMENT_TARGET = 11.0;
				LD_RUNPATH_SEARCH_PATHS = (
					/usr/lib/swift,
					"$(inherited)",
				);
				LIBRARY_SEARCH_PATHS = (
					"\"$(SDKROOT)/usr/lib/swift\"",
					"\"$(TOOLCHAIN_DIR)/usr/lib/swift/$(PLATFORM_NAME)\"",
					"\"$(TOOLCHAIN_DIR)/usr/lib/swift-5.0/$(PLATFORM_NAME)\"",
					"\"$(inherited)\"",
				);
				MTL_ENABLE_DEBUG_INFO = YES;
				ONLY_ACTIVE_ARCH = YES;
				SDKROOT = iphoneos;
			};
			name = Debug;
		};
		83CBBA211A601CBA00E9B192 /* Release */ = {
			isa = XCBuildConfiguration;
			buildSettings = {
				ALWAYS_SEARCH_USER_PATHS = NO;
				CLANG_ANALYZER_LOCALIZABILITY_NONLOCALIZED = YES;
				CLANG_CXX_LANGUAGE_STANDARD = "gnu++0x";
				CLANG_CXX_LIBRARY = "libc++";
				CLANG_ENABLE_MODULES = YES;
				CLANG_ENABLE_OBJC_ARC = YES;
				CLANG_WARN_BLOCK_CAPTURE_AUTORELEASING = YES;
				CLANG_WARN_BOOL_CONVERSION = YES;
				CLANG_WARN_COMMA = YES;
				CLANG_WARN_CONSTANT_CONVERSION = YES;
				CLANG_WARN_DEPRECATED_OBJC_IMPLEMENTATIONS = YES;
				CLANG_WARN_DIRECT_OBJC_ISA_USAGE = YES_ERROR;
				CLANG_WARN_EMPTY_BODY = YES;
				CLANG_WARN_ENUM_CONVERSION = YES;
				CLANG_WARN_INFINITE_RECURSION = YES;
				CLANG_WARN_INT_CONVERSION = YES;
				CLANG_WARN_NON_LITERAL_NULL_CONVERSION = YES;
				CLANG_WARN_OBJC_IMPLICIT_RETAIN_SELF = YES;
				CLANG_WARN_OBJC_LITERAL_CONVERSION = YES;
				CLANG_WARN_OBJC_ROOT_CLASS = YES_ERROR;
				CLANG_WARN_QUOTED_INCLUDE_IN_FRAMEWORK_HEADER = YES;
				CLANG_WARN_RANGE_LOOP_ANALYSIS = YES;
				CLANG_WARN_STRICT_PROTOTYPES = YES;
				CLANG_WARN_SUSPICIOUS_MOVE = YES;
				CLANG_WARN_UNREACHABLE_CODE = YES;
				CLANG_WARN__DUPLICATE_METHOD_MATCH = YES;
				"CODE_SIGN_IDENTITY[sdk=iphoneos*]" = "iPhone Developer";
				COPY_PHASE_STRIP = YES;
				ENABLE_NS_ASSERTIONS = NO;
				ENABLE_STRICT_OBJC_MSGSEND = YES;
				"EXCLUDED_ARCHS[sdk=iphonesimulator*]" = "";
				GCC_C_LANGUAGE_STANDARD = gnu99;
				GCC_NO_COMMON_BLOCKS = YES;
				GCC_WARN_64_TO_32_BIT_CONVERSION = YES;
				GCC_WARN_ABOUT_RETURN_TYPE = YES_ERROR;
				GCC_WARN_UNDECLARED_SELECTOR = YES;
				GCC_WARN_UNINITIALIZED_AUTOS = YES_AGGRESSIVE;
				GCC_WARN_UNUSED_FUNCTION = YES;
				GCC_WARN_UNUSED_VARIABLE = YES;
				IPHONEOS_DEPLOYMENT_TARGET = 11.0;
				LD_RUNPATH_SEARCH_PATHS = (
					/usr/lib/swift,
					"$(inherited)",
				);
				LIBRARY_SEARCH_PATHS = (
					"\"$(SDKROOT)/usr/lib/swift\"",
					"\"$(TOOLCHAIN_DIR)/usr/lib/swift/$(PLATFORM_NAME)\"",
					"\"$(TOOLCHAIN_DIR)/usr/lib/swift-5.0/$(PLATFORM_NAME)\"",
					"\"$(inherited)\"",
				);
				MTL_ENABLE_DEBUG_INFO = NO;
				SDKROOT = iphoneos;
				VALIDATE_PRODUCT = YES;
			};
			name = Release;
		};
/* End XCBuildConfiguration section */

/* Begin XCConfigurationList section */
		00E357021AD99517003FC87E /* Build configuration list for PBXNativeTarget "PasswallMobileTests" */ = {
			isa = XCConfigurationList;
			buildConfigurations = (
				00E356F61AD99517003FC87E /* Debug */,
				00E356F71AD99517003FC87E /* Release */,
			);
			defaultConfigurationIsVisible = 0;
			defaultConfigurationName = Release;
		};
		13B07F931A680F5B00A75B9A /* Build configuration list for PBXNativeTarget "PasswallMobile" */ = {
			isa = XCConfigurationList;
			buildConfigurations = (
				13B07F941A680F5B00A75B9A /* Debug */,
				13B07F951A680F5B00A75B9A /* Release */,
			);
			defaultConfigurationIsVisible = 0;
			defaultConfigurationName = Release;
		};
		83CBB9FA1A601CBA00E9B192 /* Build configuration list for PBXProject "PasswallMobile" */ = {
			isa = XCConfigurationList;
			buildConfigurations = (
				83CBBA201A601CBA00E9B192 /* Debug */,
				83CBBA211A601CBA00E9B192 /* Release */,
			);
			defaultConfigurationIsVisible = 0;
			defaultConfigurationName = Release;
		};
/* End XCConfigurationList section */
	};
	rootObject = 83CBB9F71A601CBA00E9B192 /* Project object */;
}
